
Microsoft Visual Studio Solution File, Format Version 12.00
# Visual Studio 14
VisualStudioVersion = 14.0.25420.1
MinimumVisualStudioVersion = 10.0.40219.1
Project("{FAE04EC0-301F-11D3-BF4B-00C04F79EFBC}") = "MAP.Inventory", "Flortex.Inventory\MAP.Inventory.csproj", "{8742E180-1D8D-4330-8A28-C4D496E286C5}"
EndProject
Project("{FAE04EC0-301F-11D3-BF4B-00C04F79EFBC}") = "MAP.Logging", "MAP.Logging\MAP.Logging.csproj", "{8F31A987-2047-41EE-A5C0-E4BF7BD839DF}"
EndProject
Project("{FAE04EC0-301F-11D3-BF4B-00C04F79EFBC}") = "MAP.DALConnect", "MAP.DALConnect\MAP.DALConnect.csproj", "{6F51BF47-81A2-41C9-8FF0-1D13F58BA870}"
EndProject
Project("{FAE04EC0-301F-11D3-BF4B-00C04F79EFBC}") = "MAP.Model", "MAP.Models\MAP.Model.csproj", "{CA9E5CA9-49CF-46E1-A89A-B89E5A4FF607}"
EndProject
Project("{FAE04EC0-301F-11D3-BF4B-00C04F79EFBC}") = "MAP.ViewModel", "MAP.ViewModel\MAP.ViewModel.csproj", "{A5822C31-EA0E-4FB4-BD08-4C4947A21885}"
EndProject
Global
	GlobalSection(SolutionConfigurationPlatforms) = preSolution
		Debug|Any CPU = Debug|Any CPU
		Release|Any CPU = Release|Any CPU
	EndGlobalSection
	GlobalSection(ProjectConfigurationPlatforms) = postSolution
		{8742E180-1D8D-4330-8A28-C4D496E286C5}.Debug|Any CPU.ActiveCfg = Debug|Any CPU
		{8742E180-1D8D-4330-8A28-C4D496E286C5}.Debug|Any CPU.Build.0 = Debug|Any CPU
		{8742E180-1D8D-4330-8A28-C4D496E286C5}.Release|Any CPU.ActiveCfg = Release|Any CPU
		{8742E180-1D8D-4330-8A28-C4D496E286C5}.Release|Any CPU.Build.0 = Release|Any CPU
		{8F31A987-2047-41EE-A5C0-E4BF7BD839DF}.Debug|Any CPU.ActiveCfg = Debug|Any CPU
		{8F31A987-2047-41EE-A5C0-E4BF7BD839DF}.Debug|Any CPU.Build.0 = Debug|Any CPU
		{8F31A987-2047-41EE-A5C0-E4BF7BD839DF}.Release|Any CPU.ActiveCfg = Release|Any CPU
		{8F31A987-2047-41EE-A5C0-E4BF7BD839DF}.Release|Any CPU.Build.0 = Release|Any CPU
		{6F51BF47-81A2-41C9-8FF0-1D13F58BA870}.Debug|Any CPU.ActiveCfg = Debug|Any CPU
		{6F51BF47-81A2-41C9-8FF0-1D13F58BA870}.Debug|Any CPU.Build.0 = Debug|Any CPU
		{6F51BF47-81A2-41C9-8FF0-1D13F58BA870}.Release|Any CPU.ActiveCfg = Release|Any CPU
		{6F51BF47-81A2-41C9-8FF0-1D13F58BA870}.Release|Any CPU.Build.0 = Release|Any CPU
		{CA9E5CA9-49CF-46E1-A89A-B89E5A4FF607}.Debug|Any CPU.ActiveCfg = Debug|Any CPU
		{CA9E5CA9-49CF-46E1-A89A-B89E5A4FF607}.Debug|Any CPU.Build.0 = Debug|Any CPU
		{CA9E5CA9-49CF-46E1-A89A-B89E5A4FF607}.Release|Any CPU.ActiveCfg = Release|Any CPU
		{CA9E5CA9-49CF-46E1-A89A-B89E5A4FF607}.Release|Any CPU.Build.0 = Release|Any CPU
		{A5822C31-EA0E-4FB4-BD08-4C4947A21885}.Debug|Any CPU.ActiveCfg = Debug|Any CPU
		{A5822C31-EA0E-4FB4-BD08-4C4947A21885}.Debug|Any CPU.Build.0 = Debug|Any CPU
		{A5822C31-EA0E-4FB4-BD08-4C4947A21885}.Release|Any CPU.ActiveCfg = Release|Any CPU
		{A5822C31-EA0E-4FB4-BD08-4C4947A21885}.Release|Any CPU.Build.0 = Release|Any CPU
	EndGlobalSection
	GlobalSection(SolutionProperties) = preSolution
		HideSolutionNode = FALSE
	EndGlobalSection
EndGlobal
